
Microsoft Visual Studio Solution File, Format Version 12.00
# Visual Studio 15
VisualStudioVersion = 15.0.27428.2037
MinimumVisualStudioVersion = 10.0.40219.1
Project("{FAE04EC0-301F-11D3-BF4B-00C04F79EFBC}") = "Events", "Events\Events.csproj", "{2E6795A7-E126-4650-B6E4-56C5455CA222}"
EndProject
Global
	GlobalSection(SolutionConfigurationPlatforms) = preSolution
		Debug|Any CPU = Debug|Any CPU
		Release|Any CPU = Release|Any CPU
	EndGlobalSection
	GlobalSection(ProjectConfigurationPlatforms) = postSolution
		{2E6795A7-E126-4650-B6E4-56C5455CA222}.Debug|Any CPU.ActiveCfg = Debug|Any CPU
		{2E6795A7-E126-4650-B6E4-56C5455CA222}.Debug|Any CPU.Build.0 = Debug|Any CPU
		{2E6795A7-E126-4650-B6E4-56C5455CA222}.Release|Any CPU.ActiveCfg = Release|Any CPU
		{2E6795A7-E126-4650-B6E4-56C5455CA222}.Release|Any CPU.Build.0 = Release|Any CPU
	EndGlobalSection
	GlobalSection(SolutionProperties) = preSolution
		HideSolutionNode = FALSE
	EndGlobalSection
	GlobalSection(ExtensibilityGlobals) = postSolution
		SolutionGuid = {B28C3CF6-4FF5-4B12-90AD-1A06DA2A4174}
	EndGlobalSection
EndGlobal
